
Microsoft Visual Studio Solution File, Format Version 12.00
# Visual Studio 15
VisualStudioVersion = 15.0.28010.2036
MinimumVisualStudioVersion = 10.0.40219.1
Project("{9A19103F-16F7-4668-BE54-9A1E7A4F7556}") = "dotEX", "dotEX\dotEX.csproj", "{8484CB98-7A27-44D6-9140-7381CD45D2FC}"
EndProject
Project("{FAE04EC0-301F-11D3-BF4B-00C04F79EFBC}") = "dotEX.Common", "dotEX.Common\dotEX.Common.csproj", "{E2E4F1DD-C6B1-4604-AADB-E71B0E819801}"
EndProject
Project("{9A19103F-16F7-4668-BE54-9A1E7A4F7556}") = "dotEX.Designs", "dotEX.Designs\dotEX.Designs.csproj", "{4DFF4761-5E76-45EE-A2C1-777C4D8F969D}"
EndProject
Project("{9A19103F-16F7-4668-BE54-9A1E7A4F7556}") = "dotEX.Filters", "dotEX.Filters\dotEX.Filters.csproj", "{EF8B0F0B-C8B8-4D12-9EFC-0FA1A2B3CD57}"
EndProject
Project("{9A19103F-16F7-4668-BE54-9A1E7A4F7556}") = "dotEX.Filters.Common", "dotEX.Filters.Common\dotEX.Filters.Common.csproj", "{EE76B6C6-89BE-46D5-BB16-952F41D0AE0E}"
EndProject
Project("{9A19103F-16F7-4668-BE54-9A1E7A4F7556}") = "dotEX.Graphs", "dotEX.Graphs\dotEX.Graphs.csproj", "{7949CAEF-5478-429F-839F-398ABE07E46F}"
EndProject
Project("{9A19103F-16F7-4668-BE54-9A1E7A4F7556}") = "dotEX.Values", "dotEX.Values\dotEX.Values.csproj", "{976ED100-E670-4941-9160-5171E9BE83A6}"
EndProject
Project("{9A19103F-16F7-4668-BE54-9A1E7A4F7556}") = "dotEX.Graphs.Common", "dotEX.Graphs.Common\dotEX.Graphs.Common.csproj", "{A31C319E-3F01-45EC-938F-BFA91D2B42EC}"
EndProject
Project("{9A19103F-16F7-4668-BE54-9A1E7A4F7556}") = "dotEX.Handlers", "dotEX.Handlers\dotEX.Handlers.csproj", "{7A7D4BAA-2AA8-4F90-AFFA-E06C94A42403}"
EndProject
Project("{9A19103F-16F7-4668-BE54-9A1E7A4F7556}") = "dotEX.Initializable", "dotEX.Initializable\dotEX.Initializable.csproj", "{7F4A6565-528C-4297-B8A6-3AE14E2D2CAF}"
EndProject
Project("{9A19103F-16F7-4668-BE54-9A1E7A4F7556}") = "dotEX.Tally", "dotEX.Tally\dotEX.Tally.csproj", "{39009234-110D-4FB8-86C9-6030CB612AFE}"
EndProject
Project("{9A19103F-16F7-4668-BE54-9A1E7A4F7556}") = "dotEX.Tally.Common", "dotEX.Tally.Common\dotEX.Tally.Common.csproj", "{074FB110-8D30-4A1A-A366-0B12A2ED4EA2}"
EndProject
Project("{9A19103F-16F7-4668-BE54-9A1E7A4F7556}") = "uEX.Engine", "uEX\Engine\uEX.Engine.csproj", "{40F68AE8-408A-4C40-9C81-80E8FCF7EC56}"
EndProject
Project("{9A19103F-16F7-4668-BE54-9A1E7A4F7556}") = "uEX.Editor", "uEX\Editor\uEX.Editor.csproj", "{FFF3201C-513F-4856-8F55-82C62556481B}"
EndProject
Project("{9A19103F-16F7-4668-BE54-9A1E7A4F7556}") = "uEX.Cores.Engine", "uEX.Cores\Engine\uEX.Cores.Engine.csproj", "{143D6AAA-4FBD-46C5-B263-B0D3B05A2836}"
EndProject
Project("{9A19103F-16F7-4668-BE54-9A1E7A4F7556}") = "dotEX.Test", "dotEX\dotEX.Test.csproj", "{A1CEDDB9-6085-4F2E-AC26-1AE994E8600B}"
EndProject
Project("{9A19103F-16F7-4668-BE54-9A1E7A4F7556}") = "dotEX.Filters.Test", "dotEX.Filters\dotEX.Filters.Test.csproj", "{89D28EAF-7FF4-426A-A36D-E19564E8876C}"
EndProject
Project("{9A19103F-16F7-4668-BE54-9A1E7A4F7556}") = "dotEX.Graphs.Test", "dotEX.Graphs\dotEX.Graphs.Test.csproj", "{76F3E454-D644-4043-A7EC-E44311436776}"
EndProject
Project("{2150E333-8FDC-42A3-9474-1A3956D46DE8}") = "0-dotEX", "0-dotEX", "{2E4F8F51-2FF5-4D0B-9EDC-FED64FC581BB}"
EndProject
Project("{2150E333-8FDC-42A3-9474-1A3956D46DE8}") = "1-dotEX.Test", "1-dotEX.Test", "{82A986B5-F3C2-44F6-BF9E-4AA652162C4A}"
EndProject
Project("{9A19103F-16F7-4668-BE54-9A1E7A4F7556}") = "uEX.Cores.Editor", "uEX.Cores\Editor\uEX.Cores.Editor.csproj", "{6D4616FD-92E1-48DA-9D0F-F47A7C52F1E5}"
EndProject
Project("{9A19103F-16F7-4668-BE54-9A1E7A4F7556}") = "uEX.Behaviours.GameObjects.Engine", "uEX.Behaviours.GameObjects\Engine\uEX.Behaviours.GameObjects.Engine.csproj", "{0EC1ED09-7360-42A8-A491-416764AEC919}"
EndProject
Project("{2150E333-8FDC-42A3-9474-1A3956D46DE8}") = "2-uEX", "2-uEX", "{D15FFF5B-B56A-49CD-A366-F00DD4F6E22F}"
EndProject
Project("{9A19103F-16F7-4668-BE54-9A1E7A4F7556}") = "uEX.Behaviours.Grabbers.Engine", "uEX.Behaviours.Grabbers\Engine\uEX.Behaviours.Grabbers.Engine.csproj", "{55C18A0D-D741-4DF4-9123-7F1BC1BE3003}"
EndProject
Project("{9A19103F-16F7-4668-BE54-9A1E7A4F7556}") = "uEX.Behaviours.ScrollRects.Engine", "uEX.Behaviours.ScrollRects\Engine\uEX.Behaviours.ScrollRects.Engine.csproj", "{42E86365-67B5-4416-9222-1D2C5CB528E9}"
EndProject
Project("{9A19103F-16F7-4668-BE54-9A1E7A4F7556}") = "uEX.Behaviours.Transforms.Engine", "uEX.Behaviours.Transforms\Engine\uEX.Behaviours.Transforms.Engine.csproj", "{7878D79D-D6E2-4B32-B697-78051CCF934B}"
EndProject
Project("{9A19103F-16F7-4668-BE54-9A1E7A4F7556}") = "uEX.Debugging.Engine", "uEX.Debugging\Engine\uEX.Debugging.Engine.csproj", "{68A5C5E8-6AB3-482F-BE18-28A82E2DE622}"
EndProject
Project("{9A19103F-16F7-4668-BE54-9A1E7A4F7556}") = "uEX.Input.Touch.Engine", "uEX.Input.Touch\Engine\uEX.Input.Touch.Engine.csproj", "{4017182B-638A-4888-BBBA-7A5AAE96E08D}"
EndProject
Project("{9A19103F-16F7-4668-BE54-9A1E7A4F7556}") = "uEX.Networking.Engine", "uEX.Networking\Engine\uEX.Networking.Engine.csproj", "{F3B9A13F-5530-493F-93E2-29B9AEE6FEA7}"
EndProject
Global
	GlobalSection(SolutionConfigurationPlatforms) = preSolution
		Debug|Any CPU = Debug|Any CPU
		Release|Any CPU = Release|Any CPU
	EndGlobalSection
	GlobalSection(ProjectConfigurationPlatforms) = postSolution
		{8484CB98-7A27-44D6-9140-7381CD45D2FC}.Debug|Any CPU.ActiveCfg = Debug|Any CPU
		{8484CB98-7A27-44D6-9140-7381CD45D2FC}.Debug|Any CPU.Build.0 = Debug|Any CPU
		{8484CB98-7A27-44D6-9140-7381CD45D2FC}.Release|Any CPU.ActiveCfg = Release|Any CPU
		{8484CB98-7A27-44D6-9140-7381CD45D2FC}.Release|Any CPU.Build.0 = Release|Any CPU
		{E2E4F1DD-C6B1-4604-AADB-E71B0E819801}.Debug|Any CPU.ActiveCfg = Debug|Any CPU
		{E2E4F1DD-C6B1-4604-AADB-E71B0E819801}.Debug|Any CPU.Build.0 = Debug|Any CPU
		{E2E4F1DD-C6B1-4604-AADB-E71B0E819801}.Release|Any CPU.ActiveCfg = Release|Any CPU
		{E2E4F1DD-C6B1-4604-AADB-E71B0E819801}.Release|Any CPU.Build.0 = Release|Any CPU
		{4DFF4761-5E76-45EE-A2C1-777C4D8F969D}.Debug|Any CPU.ActiveCfg = Debug|Any CPU
		{4DFF4761-5E76-45EE-A2C1-777C4D8F969D}.Debug|Any CPU.Build.0 = Debug|Any CPU
		{4DFF4761-5E76-45EE-A2C1-777C4D8F969D}.Release|Any CPU.ActiveCfg = Release|Any CPU
		{4DFF4761-5E76-45EE-A2C1-777C4D8F969D}.Release|Any CPU.Build.0 = Release|Any CPU
		{EF8B0F0B-C8B8-4D12-9EFC-0FA1A2B3CD57}.Debug|Any CPU.ActiveCfg = Debug|Any CPU
		{EF8B0F0B-C8B8-4D12-9EFC-0FA1A2B3CD57}.Debug|Any CPU.Build.0 = Debug|Any CPU
		{EF8B0F0B-C8B8-4D12-9EFC-0FA1A2B3CD57}.Release|Any CPU.ActiveCfg = Release|Any CPU
		{EF8B0F0B-C8B8-4D12-9EFC-0FA1A2B3CD57}.Release|Any CPU.Build.0 = Release|Any CPU
		{EE76B6C6-89BE-46D5-BB16-952F41D0AE0E}.Debug|Any CPU.ActiveCfg = Debug|Any CPU
		{EE76B6C6-89BE-46D5-BB16-952F41D0AE0E}.Debug|Any CPU.Build.0 = Debug|Any CPU
		{EE76B6C6-89BE-46D5-BB16-952F41D0AE0E}.Release|Any CPU.ActiveCfg = Release|Any CPU
		{EE76B6C6-89BE-46D5-BB16-952F41D0AE0E}.Release|Any CPU.Build.0 = Release|Any CPU
		{7949CAEF-5478-429F-839F-398ABE07E46F}.Debug|Any CPU.ActiveCfg = Debug|Any CPU
		{7949CAEF-5478-429F-839F-398ABE07E46F}.Debug|Any CPU.Build.0 = Debug|Any CPU
		{7949CAEF-5478-429F-839F-398ABE07E46F}.Release|Any CPU.ActiveCfg = Release|Any CPU
		{7949CAEF-5478-429F-839F-398ABE07E46F}.Release|Any CPU.Build.0 = Release|Any CPU
		{976ED100-E670-4941-9160-5171E9BE83A6}.Debug|Any CPU.ActiveCfg = Debug|Any CPU
		{976ED100-E670-4941-9160-5171E9BE83A6}.Debug|Any CPU.Build.0 = Debug|Any CPU
		{976ED100-E670-4941-9160-5171E9BE83A6}.Release|Any CPU.ActiveCfg = Release|Any CPU
		{976ED100-E670-4941-9160-5171E9BE83A6}.Release|Any CPU.Build.0 = Release|Any CPU
		{A31C319E-3F01-45EC-938F-BFA91D2B42EC}.Debug|Any CPU.ActiveCfg = Debug|Any CPU
		{A31C319E-3F01-45EC-938F-BFA91D2B42EC}.Debug|Any CPU.Build.0 = Debug|Any CPU
		{A31C319E-3F01-45EC-938F-BFA91D2B42EC}.Release|Any CPU.ActiveCfg = Release|Any CPU
		{A31C319E-3F01-45EC-938F-BFA91D2B42EC}.Release|Any CPU.Build.0 = Release|Any CPU
		{7A7D4BAA-2AA8-4F90-AFFA-E06C94A42403}.Debug|Any CPU.ActiveCfg = Debug|Any CPU
		{7A7D4BAA-2AA8-4F90-AFFA-E06C94A42403}.Debug|Any CPU.Build.0 = Debug|Any CPU
		{7A7D4BAA-2AA8-4F90-AFFA-E06C94A42403}.Release|Any CPU.ActiveCfg = Release|Any CPU
		{7A7D4BAA-2AA8-4F90-AFFA-E06C94A42403}.Release|Any CPU.Build.0 = Release|Any CPU
		{7F4A6565-528C-4297-B8A6-3AE14E2D2CAF}.Debug|Any CPU.ActiveCfg = Debug|Any CPU
		{7F4A6565-528C-4297-B8A6-3AE14E2D2CAF}.Debug|Any CPU.Build.0 = Debug|Any CPU
		{7F4A6565-528C-4297-B8A6-3AE14E2D2CAF}.Release|Any CPU.ActiveCfg = Release|Any CPU
		{7F4A6565-528C-4297-B8A6-3AE14E2D2CAF}.Release|Any CPU.Build.0 = Release|Any CPU
		{39009234-110D-4FB8-86C9-6030CB612AFE}.Debug|Any CPU.ActiveCfg = Debug|Any CPU
		{39009234-110D-4FB8-86C9-6030CB612AFE}.Debug|Any CPU.Build.0 = Debug|Any CPU
		{39009234-110D-4FB8-86C9-6030CB612AFE}.Release|Any CPU.ActiveCfg = Release|Any CPU
		{39009234-110D-4FB8-86C9-6030CB612AFE}.Release|Any CPU.Build.0 = Release|Any CPU
		{074FB110-8D30-4A1A-A366-0B12A2ED4EA2}.Debug|Any CPU.ActiveCfg = Debug|Any CPU
		{074FB110-8D30-4A1A-A366-0B12A2ED4EA2}.Debug|Any CPU.Build.0 = Debug|Any CPU
		{074FB110-8D30-4A1A-A366-0B12A2ED4EA2}.Release|Any CPU.ActiveCfg = Release|Any CPU
		{074FB110-8D30-4A1A-A366-0B12A2ED4EA2}.Release|Any CPU.Build.0 = Release|Any CPU
		{40F68AE8-408A-4C40-9C81-80E8FCF7EC56}.Debug|Any CPU.ActiveCfg = Debug|Any CPU
		{40F68AE8-408A-4C40-9C81-80E8FCF7EC56}.Debug|Any CPU.Build.0 = Debug|Any CPU
		{40F68AE8-408A-4C40-9C81-80E8FCF7EC56}.Release|Any CPU.ActiveCfg = Release|Any CPU
		{40F68AE8-408A-4C40-9C81-80E8FCF7EC56}.Release|Any CPU.Build.0 = Release|Any CPU
		{FFF3201C-513F-4856-8F55-82C62556481B}.Debug|Any CPU.ActiveCfg = Debug|Any CPU
		{FFF3201C-513F-4856-8F55-82C62556481B}.Debug|Any CPU.Build.0 = Debug|Any CPU
		{FFF3201C-513F-4856-8F55-82C62556481B}.Release|Any CPU.ActiveCfg = Release|Any CPU
		{FFF3201C-513F-4856-8F55-82C62556481B}.Release|Any CPU.Build.0 = Release|Any CPU
		{143D6AAA-4FBD-46C5-B263-B0D3B05A2836}.Debug|Any CPU.ActiveCfg = Debug|Any CPU
		{143D6AAA-4FBD-46C5-B263-B0D3B05A2836}.Debug|Any CPU.Build.0 = Debug|Any CPU
		{143D6AAA-4FBD-46C5-B263-B0D3B05A2836}.Release|Any CPU.ActiveCfg = Release|Any CPU
		{143D6AAA-4FBD-46C5-B263-B0D3B05A2836}.Release|Any CPU.Build.0 = Release|Any CPU
		{A1CEDDB9-6085-4F2E-AC26-1AE994E8600B}.Debug|Any CPU.ActiveCfg = Debug|Any CPU
		{A1CEDDB9-6085-4F2E-AC26-1AE994E8600B}.Debug|Any CPU.Build.0 = Debug|Any CPU
		{A1CEDDB9-6085-4F2E-AC26-1AE994E8600B}.Release|Any CPU.ActiveCfg = Release|Any CPU
		{A1CEDDB9-6085-4F2E-AC26-1AE994E8600B}.Release|Any CPU.Build.0 = Release|Any CPU
		{89D28EAF-7FF4-426A-A36D-E19564E8876C}.Debug|Any CPU.ActiveCfg = Debug|Any CPU
		{89D28EAF-7FF4-426A-A36D-E19564E8876C}.Debug|Any CPU.Build.0 = Debug|Any CPU
		{89D28EAF-7FF4-426A-A36D-E19564E8876C}.Release|Any CPU.ActiveCfg = Release|Any CPU
		{89D28EAF-7FF4-426A-A36D-E19564E8876C}.Release|Any CPU.Build.0 = Release|Any CPU
		{76F3E454-D644-4043-A7EC-E44311436776}.Debug|Any CPU.ActiveCfg = Debug|Any CPU
		{76F3E454-D644-4043-A7EC-E44311436776}.Debug|Any CPU.Build.0 = Debug|Any CPU
		{76F3E454-D644-4043-A7EC-E44311436776}.Release|Any CPU.ActiveCfg = Release|Any CPU
		{76F3E454-D644-4043-A7EC-E44311436776}.Release|Any CPU.Build.0 = Release|Any CPU
		{6D4616FD-92E1-48DA-9D0F-F47A7C52F1E5}.Debug|Any CPU.ActiveCfg = Debug|Any CPU
		{6D4616FD-92E1-48DA-9D0F-F47A7C52F1E5}.Debug|Any CPU.Build.0 = Debug|Any CPU
		{6D4616FD-92E1-48DA-9D0F-F47A7C52F1E5}.Release|Any CPU.ActiveCfg = Release|Any CPU
		{6D4616FD-92E1-48DA-9D0F-F47A7C52F1E5}.Release|Any CPU.Build.0 = Release|Any CPU
		{0EC1ED09-7360-42A8-A491-416764AEC919}.Debug|Any CPU.ActiveCfg = Debug|Any CPU
		{0EC1ED09-7360-42A8-A491-416764AEC919}.Debug|Any CPU.Build.0 = Debug|Any CPU
		{0EC1ED09-7360-42A8-A491-416764AEC919}.Release|Any CPU.ActiveCfg = Release|Any CPU
		{0EC1ED09-7360-42A8-A491-416764AEC919}.Release|Any CPU.Build.0 = Release|Any CPU
		{55C18A0D-D741-4DF4-9123-7F1BC1BE3003}.Debug|Any CPU.ActiveCfg = Debug|Any CPU
		{55C18A0D-D741-4DF4-9123-7F1BC1BE3003}.Debug|Any CPU.Build.0 = Debug|Any CPU
		{55C18A0D-D741-4DF4-9123-7F1BC1BE3003}.Release|Any CPU.ActiveCfg = Release|Any CPU
		{55C18A0D-D741-4DF4-9123-7F1BC1BE3003}.Release|Any CPU.Build.0 = Release|Any CPU
		{42E86365-67B5-4416-9222-1D2C5CB528E9}.Debug|Any CPU.ActiveCfg = Debug|Any CPU
		{42E86365-67B5-4416-9222-1D2C5CB528E9}.Debug|Any CPU.Build.0 = Debug|Any CPU
		{42E86365-67B5-4416-9222-1D2C5CB528E9}.Release|Any CPU.ActiveCfg = Release|Any CPU
		{42E86365-67B5-4416-9222-1D2C5CB528E9}.Release|Any CPU.Build.0 = Release|Any CPU
		{7878D79D-D6E2-4B32-B697-78051CCF934B}.Debug|Any CPU.ActiveCfg = Debug|Any CPU
		{7878D79D-D6E2-4B32-B697-78051CCF934B}.Debug|Any CPU.Build.0 = Debug|Any CPU
		{7878D79D-D6E2-4B32-B697-78051CCF934B}.Release|Any CPU.ActiveCfg = Release|Any CPU
		{7878D79D-D6E2-4B32-B697-78051CCF934B}.Release|Any CPU.Build.0 = Release|Any CPU
		{68A5C5E8-6AB3-482F-BE18-28A82E2DE622}.Debug|Any CPU.ActiveCfg = Debug|Any CPU
		{68A5C5E8-6AB3-482F-BE18-28A82E2DE622}.Debug|Any CPU.Build.0 = Debug|Any CPU
		{68A5C5E8-6AB3-482F-BE18-28A82E2DE622}.Release|Any CPU.ActiveCfg = Release|Any CPU
		{68A5C5E8-6AB3-482F-BE18-28A82E2DE622}.Release|Any CPU.Build.0 = Release|Any CPU
		{4017182B-638A-4888-BBBA-7A5AAE96E08D}.Debug|Any CPU.ActiveCfg = Debug|Any CPU
		{4017182B-638A-4888-BBBA-7A5AAE96E08D}.Debug|Any CPU.Build.0 = Debug|Any CPU
		{4017182B-638A-4888-BBBA-7A5AAE96E08D}.Release|Any CPU.ActiveCfg = Release|Any CPU
		{4017182B-638A-4888-BBBA-7A5AAE96E08D}.Release|Any CPU.Build.0 = Release|Any CPU
		{F3B9A13F-5530-493F-93E2-29B9AEE6FEA7}.Debug|Any CPU.ActiveCfg = Debug|Any CPU
		{F3B9A13F-5530-493F-93E2-29B9AEE6FEA7}.Debug|Any CPU.Build.0 = Debug|Any CPU
		{F3B9A13F-5530-493F-93E2-29B9AEE6FEA7}.Release|Any CPU.ActiveCfg = Release|Any CPU
		{F3B9A13F-5530-493F-93E2-29B9AEE6FEA7}.Release|Any CPU.Build.0 = Release|Any CPU
	EndGlobalSection
	GlobalSection(SolutionProperties) = preSolution
		HideSolutionNode = FALSE
	EndGlobalSection
	GlobalSection(NestedProjects) = preSolution
		{8484CB98-7A27-44D6-9140-7381CD45D2FC} = {2E4F8F51-2FF5-4D0B-9EDC-FED64FC581BB}
		{E2E4F1DD-C6B1-4604-AADB-E71B0E819801} = {2E4F8F51-2FF5-4D0B-9EDC-FED64FC581BB}
		{4DFF4761-5E76-45EE-A2C1-777C4D8F969D} = {2E4F8F51-2FF5-4D0B-9EDC-FED64FC581BB}
		{EF8B0F0B-C8B8-4D12-9EFC-0FA1A2B3CD57} = {2E4F8F51-2FF5-4D0B-9EDC-FED64FC581BB}
		{EE76B6C6-89BE-46D5-BB16-952F41D0AE0E} = {2E4F8F51-2FF5-4D0B-9EDC-FED64FC581BB}
		{7949CAEF-5478-429F-839F-398ABE07E46F} = {2E4F8F51-2FF5-4D0B-9EDC-FED64FC581BB}
		{976ED100-E670-4941-9160-5171E9BE83A6} = {2E4F8F51-2FF5-4D0B-9EDC-FED64FC581BB}
		{A31C319E-3F01-45EC-938F-BFA91D2B42EC} = {2E4F8F51-2FF5-4D0B-9EDC-FED64FC581BB}
		{7A7D4BAA-2AA8-4F90-AFFA-E06C94A42403} = {2E4F8F51-2FF5-4D0B-9EDC-FED64FC581BB}
		{7F4A6565-528C-4297-B8A6-3AE14E2D2CAF} = {2E4F8F51-2FF5-4D0B-9EDC-FED64FC581BB}
		{39009234-110D-4FB8-86C9-6030CB612AFE} = {2E4F8F51-2FF5-4D0B-9EDC-FED64FC581BB}
		{074FB110-8D30-4A1A-A366-0B12A2ED4EA2} = {2E4F8F51-2FF5-4D0B-9EDC-FED64FC581BB}
		{40F68AE8-408A-4C40-9C81-80E8FCF7EC56} = {D15FFF5B-B56A-49CD-A366-F00DD4F6E22F}
		{FFF3201C-513F-4856-8F55-82C62556481B} = {D15FFF5B-B56A-49CD-A366-F00DD4F6E22F}
		{143D6AAA-4FBD-46C5-B263-B0D3B05A2836} = {D15FFF5B-B56A-49CD-A366-F00DD4F6E22F}
		{A1CEDDB9-6085-4F2E-AC26-1AE994E8600B} = {82A986B5-F3C2-44F6-BF9E-4AA652162C4A}
		{89D28EAF-7FF4-426A-A36D-E19564E8876C} = {82A986B5-F3C2-44F6-BF9E-4AA652162C4A}
		{76F3E454-D644-4043-A7EC-E44311436776} = {82A986B5-F3C2-44F6-BF9E-4AA652162C4A}
		{6D4616FD-92E1-48DA-9D0F-F47A7C52F1E5} = {D15FFF5B-B56A-49CD-A366-F00DD4F6E22F}
		{0EC1ED09-7360-42A8-A491-416764AEC919} = {D15FFF5B-B56A-49CD-A366-F00DD4F6E22F}
		{55C18A0D-D741-4DF4-9123-7F1BC1BE3003} = {D15FFF5B-B56A-49CD-A366-F00DD4F6E22F}
		{42E86365-67B5-4416-9222-1D2C5CB528E9} = {D15FFF5B-B56A-49CD-A366-F00DD4F6E22F}
		{7878D79D-D6E2-4B32-B697-78051CCF934B} = {D15FFF5B-B56A-49CD-A366-F00DD4F6E22F}
		{68A5C5E8-6AB3-482F-BE18-28A82E2DE622} = {D15FFF5B-B56A-49CD-A366-F00DD4F6E22F}
		{4017182B-638A-4888-BBBA-7A5AAE96E08D} = {D15FFF5B-B56A-49CD-A366-F00DD4F6E22F}
		{F3B9A13F-5530-493F-93E2-29B9AEE6FEA7} = {D15FFF5B-B56A-49CD-A366-F00DD4F6E22F}
	EndGlobalSection
	GlobalSection(ExtensibilityGlobals) = postSolution
		SolutionGuid = {A5B0AFBF-D9B5-437C-B2D6-2DAF2AC1D419}
	EndGlobalSection
EndGlobal
